# THIS IS AN AUTOGENERATED FILE. DO NOT EDIT THIS FILE DIRECTLY.
# yarn lockfile v1


"@js-joda/core@3.2.0":
  version "3.2.0"
  resolved "https://registry.yarnpkg.com/@js-joda/core/-/core-3.2.0.tgz#3e61e21b7b2b8a6be746df1335cf91d70db2a273"
  integrity sha512-PMqgJ0sw5B7FKb2d5bWYIoxjri+QlW/Pys7+Rw82jSH0QN3rB05jZ/VrrsUdh1w4+i2kw9JOejXGq/KhDOX7Kg==

"@libav.js/types@^6.7.7":
  version "6.9.8"
  resolved "https://registry.yarnpkg.com/@libav.js/types/-/types-6.9.8.tgz#58235182573cc383b12c5537a5319cee5d8327b2"
  integrity sha512-5EEW2IT2VYBYzq14+jsKh8LIwImD0ldsh7m0x/66WNvUG2QljUXsvYV5B00Scx5boVph3WYbtsiLmT0HfUIDRQ==

"@svta/cml-608@1.0.2":
  version "1.0.2"
  resolved "https://registry.yarnpkg.com/@svta/cml-608/-/cml-608-1.0.2.tgz#b8d1839fe0abc1591eb8da28712279e2c2a777ff"
  integrity sha512-ZEJ68330gcLKfvVv6Qifr1HR7+GldDUxzkjqSbqRK7jHtHSLSV1JAyDwlYe8+C7ABuY1bp8MpgJ4/Gg+jl+pLQ==

"@svta/cml-cmcd@2.3.2":
  version "2.3.2"
  resolved "https://registry.yarnpkg.com/@svta/cml-cmcd/-/cml-cmcd-2.3.2.tgz#ddcff43ab30af1b211a48d59a942c603b9f59434"
  integrity sha512-SKBBjLmci0WK8HMjuv+36tVIMktonoOoxsXblOFZmB+ePPV2zjRMTD+2ZmE/1VEPJkKHENyhSjSHgJyeOlvZ1A==

"@svta/cml-cmsd@1.0.6":
  version "1.0.6"
  resolved "https://registry.yarnpkg.com/@svta/cml-cmsd/-/cml-cmsd-1.0.6.tgz#edcc26ebf971f84b6784e72b1fd2508f1344e57c"
  integrity sha512-LUORV6bb0TbU4rSC2HoPqUCix1igLrXkRQXWiIyJo2OMzb14kAK/1jsW0mzY6up6w1GrjKQcjc6OwqJdo/zd/g==

"@svta/cml-dash@1.0.6":
  version "1.0.6"
  resolved "https://registry.yarnpkg.com/@svta/cml-dash/-/cml-dash-1.0.6.tgz#98ecbd8ce0fab043a55138a7cb9f58de8be2f1fc"
  integrity sha512-4XtHYlPrzL/dRe/8XmRQoLnTo9S86tISgrl67eUqKl5MtNTpZBYTncuPrspslPZPZROBBWNrBuepYfYUtU9CKA==

"@svta/cml-id3@1.0.6":
  version "1.0.6"
  resolved "https://registry.yarnpkg.com/@svta/cml-id3/-/cml-id3-1.0.6.tgz#febfe4a8c6dbbefcb3a23cf451a07f2b34751543"
  integrity sha512-63j8gkAnPOmOBWlp0hIZPvsIioZttdbg6/TgwITqMYbSLYVJ+6QGa/UtIP0I84NsfstANw6QdCn7i8SS08kn1A==

"@svta/cml-request@1.0.12":
  version "1.0.12"
  resolved "https://registry.yarnpkg.com/@svta/cml-request/-/cml-request-1.0.12.tgz#14c43a8f1da32714a82229d6001cccf36cf1e77d"
  integrity sha512-4sJvnnoNpq58j2mCGP8k+MF6wVy/qa4gbt6kfT1dPIKmn3mPxw+JVfilhcWsUi+peK2yCZxOJJYyHj1cAcQE1w==

"@svta/cml-xml@1.1.4":
  version "1.1.4"
  resolved "https://registry.yarnpkg.com/@svta/cml-xml/-/cml-xml-1.1.4.tgz#1acafe8d02551cb9b69e1b72c9125298a5406b21"
  integrity sha512-jbixqjiJIc16SGxylHwiOzO+DuhkGfuP+fJ9AHeVJKdFDKnabgfCDpnp6dvZpZnjMj4nHvzVtuUV7RISPIwYXw==

"@types/dom-mediacapture-transform@^0.1.11":
  version "0.1.12"
  resolved "https://registry.yarnpkg.com/@types/dom-mediacapture-transform/-/dom-mediacapture-transform-0.1.12.tgz#82fdc7aa2eb97a7a73e2df774080068bef2e599b"
  integrity sha512-d7/QsLRwF864A5mgIM/YrfiglHoYn7zgCcAoJgW404r+2DwnNr7EBbLnCWpmOMgH8y0te73L1AV6H1bmauaWFw==
  dependencies:
    "@types/dom-webcodecs" "*"

"@types/dom-webcodecs@*":
  version "0.1.18"
  resolved "https://registry.yarnpkg.com/@types/dom-webcodecs/-/dom-webcodecs-0.1.18.tgz#0a4a26ffef72e584976ca8bdaefc3119b533a5c4"
  integrity sha512-vAvE8C9DGWR+tkb19xyjk1TSUlJ7RUzzp4a9Anu7mwBT+fpyePWK1UxmH14tMO5zHmrnrRIMg5NutnnDztLxgg==

"@types/dom-webcodecs@0.1.13":
  version "0.1.13"
  resolved "https://registry.yarnpkg.com/@types/dom-webcodecs/-/dom-webcodecs-0.1.13.tgz#d8be5da4f01b20721307b08ad2cca903ccf4f47f"
  integrity sha512-O5hkiFIcjjszPIYyUSyvScyvrBoV3NOEEZx/pMlsu44TKzWNkLVBBxnxJz42in5n3QIolYOcBYFCPZZ0h8SkwQ==

"@ungap/global-this@^0.4.4":
  version "0.4.4"
  resolved "https://registry.yarnpkg.com/@ungap/global-this/-/global-this-0.4.4.tgz#8a1b2cfcd3e26e079a847daba879308c924dd695"
  integrity sha512-mHkm6FvepJECMNthFuIgpAEFmPOk71UyXuIxYfjytvFTnSDBIz7jmViO+LfHI/AjrazWije0PnSP3+/NlwzqtA==

bcp-47-match@^2.0.3:
  version "2.0.3"
  resolved "https://registry.yarnpkg.com/bcp-47-match/-/bcp-47-match-2.0.3.tgz#603226f6e5d3914a581408be33b28a53144b09d0"
  integrity sha512-JtTezzbAibu8G0R9op9zb3vcWZd9JF6M0xOYGPn0fNCd7wOpRB1mU2mH9T8gaBGbAAyIIVgB2G7xG0GP98zMAQ==

codem-isoboxer@0.3.10:
  version "0.3.10"
  resolved "https://registry.yarnpkg.com/codem-isoboxer/-/codem-isoboxer-0.3.10.tgz#75182f8b1754163dfdbfd9bc975d7c7994d99e47"
  integrity sha512-eNk3TRV+xQMJ1PEj0FQGY8KD4m0GPxT487XJ+Iftm7mVa9WpPFDMWqPt+46buiP5j5Wzqe5oMIhqBcAeKfygSA==

dashjs@^5.2.1:
  version "5.2.1"
  resolved "https://registry.yarnpkg.com/dashjs/-/dashjs-5.2.1.tgz#c36648002e0e278f897aa7e2fc9a79ae05560d57"
  integrity sha512-axcJmLeJCTJMLUfQRErUJB1KOiU5iHF+DMLBc3FKeox1HPYtGUQlC6Xm5Mm6vhBUR3CHHLIPOqw0JDIqMtP+Dw==
  dependencies:
    "@svta/cml-608" "1.0.2"
    "@svta/cml-cmcd" "2.3.2"
    "@svta/cml-cmsd" "1.0.6"
    "@svta/cml-dash" "1.0.6"
    "@svta/cml-id3" "1.0.6"
    "@svta/cml-request" "1.0.12"
    "@svta/cml-xml" "1.1.4"
    bcp-47-match "^2.0.3"
    codem-isoboxer "0.3.10"
    fast-deep-equal "3.1.3"
    html-entities "^2.6.0"
    imsc "^1.1.5"
    localforage "^1.10.0"
    path-browserify "^1.0.1"

es6-promise@^4.2.5:
  version "4.2.8"
  resolved "https://registry.yarnpkg.com/es6-promise/-/es6-promise-4.2.8.tgz#4eb21594c972bc40553d276e510539143db53e0a"
  integrity sha512-HJDGx5daxeIvxdBxvG2cb9g4tEvwIk3i8+nhX0yGrYmZUzbkdg8QbDevheDB8gd0//uPj4c1EQua8Q+MViT0/w==

fast-deep-equal@3.1.3:
  version "3.1.3"
  resolved "https://registry.yarnpkg.com/fast-deep-equal/-/fast-deep-equal-3.1.3.tgz#3a7d56b559d6cbc3eb512325244e619a65c6c525"
  integrity sha512-f3qQ9oQy9j2AhBe/H9VC91wLmKBCCU/gDOnKNAYG5hswO7BLKj09Hc5HYNz9cGI++xlpDCIgDaitVs03ATR84Q==

format-util@^1.0.5:
  version "1.0.5"
  resolved "https://registry.yarnpkg.com/format-util/-/format-util-1.0.5.tgz#1ffb450c8a03e7bccffe40643180918cc297d271"
  integrity sha512-varLbTj0e0yVyRpqQhuWV+8hlePAgaoFRhNFj50BNjEIrw1/DphHSObtqwskVCPWNgzwPoQrZAbfa/SBiicNeg==

hls.js@^1.5.0:
  version "1.6.16"
  resolved "https://registry.yarnpkg.com/hls.js/-/hls.js-1.6.16.tgz#e2e7e79b68357cb3f8aa82dec0a36c9c2701f5c0"
  integrity sha512-VSIRpLfRwlAAdGL4wiTucx2ScRipo0ed1FBatWkyt832jC4CReKstga6yIhYVwGu9LOBjuX9wzmRMeQdBJtzEA==

html-entities@^2.6.0:
  version "2.6.0"
  resolved "https://registry.yarnpkg.com/html-entities/-/html-entities-2.6.0.tgz#7c64f1ea3b36818ccae3d3fb48b6974208e984f8"
  integrity sha512-kig+rMn/QOVRvr7c86gQ8lWXq+Hkv6CbAH1hLu+RG338StTpE8Z0b44SDVaqVu7HGKf27frdmUYEs9hTUX/cLQ==

immediate@~3.0.5:
  version "3.0.6"
  resolved "https://registry.yarnpkg.com/immediate/-/immediate-3.0.6.tgz#9db1dbd0faf8de6fbe0f5dd5e56bb606280de69b"
  integrity sha512-XXOFtyqDjNDAQxVfYxuF7g9Il/IbWmmlQg2MYKOH8ExIT1qg6xc4zyS3HaEEATgs1btfzxq15ciUiY7gjSXRGQ==

imsc@^1.1.5:
  version "1.1.5"
  resolved "https://registry.yarnpkg.com/imsc/-/imsc-1.1.5.tgz#7e52690fbfc8a122c1480bc3349336f4bb997034"
  integrity sha512-V8je+CGkcvGhgl2C1GlhqFFiUOIEdwXbXLiu1Fcubvvbo+g9inauqT3l0pNYXGoLPBj3jxtZz9t+wCopMkwadQ==
  dependencies:
    sax "1.2.1"

libav.js@*:
  version "6.9.8"
  resolved "https://registry.yarnpkg.com/libav.js/-/libav.js-6.9.8.tgz#a81bea12565422668af7e91265d4144da9e6ac49"
  integrity sha512-pKZ01+Iw0w5CAnuK7viwOU64BRvYflahA9yJoYVzEjLjXv9VSG5nX2/jJ3RBnZhZNYWDvrXAT/XPmDoaaPiKyA==

libavjs-webcodecs-polyfill@*:
  version "0.5.5"
  resolved "https://registry.yarnpkg.com/libavjs-webcodecs-polyfill/-/libavjs-webcodecs-polyfill-0.5.5.tgz#03f4eccb5f3be081316d5c611af7b0d0924ab73d"
  integrity sha512-1RhFwKgYg/dsn0Ej4kf0z35t6G3/JZnStKqPHArOqALlvwG654NZes0AFXaJGzRLBknwLXiKw9qlemct97YE7w==
  dependencies:
    "@libav.js/types" "^6.7.7"
    "@ungap/global-this" "^0.4.4"

lie@3.1.1:
  version "3.1.1"
  resolved "https://registry.yarnpkg.com/lie/-/lie-3.1.1.tgz#9a436b2cc7746ca59de7a41fa469b3efb76bd87e"
  integrity sha512-RiNhHysUjhrDQntfYSfY4MU24coXXdEOgw9WGcKHNeEwffDYbF//u87M1EWaMGzuFoSbqW0C9C6lEEhDOAswfw==
  dependencies:
    immediate "~3.0.5"

localforage@^1.10.0:
  version "1.10.0"
  resolved "https://registry.yarnpkg.com/localforage/-/localforage-1.10.0.tgz#5c465dc5f62b2807c3a84c0c6a1b1b3212781dd4"
  integrity sha512-14/H1aX7hzBBmmh7sGPd+AOMkkIrHM3Z1PAyGgZigA1H1p5O5ANnMyWzvpAETtG68/dC4pC0ncy3+PPGzXZHPg==
  dependencies:
    lie "3.1.1"

"mediabunny@file:../../../../../.cache/yarn/v6/.tmp/8213c0e6eabe340f9a7a9e4434ecf3c2/vendor/mediabunny-1.38.1-f0.5.tgz":
  version "1.38.1-f0.5"
  uid "4c33690342703b2af0c0524883cb18d8c3691fde"
  resolved "file:../../../../../.cache/yarn/v6/.tmp/8213c0e6eabe340f9a7a9e4434ecf3c2/vendor/mediabunny-1.38.1-f0.5.tgz#4c33690342703b2af0c0524883cb18d8c3691fde"
  dependencies:
    "@types/dom-mediacapture-transform" "^0.1.11"
    "@types/dom-webcodecs" "0.1.13"

"mediabunny@file:../../libs/mediabunny-local.tgz":
  version "1.38.1-f0.5"
  uid "4c33690342703b2af0c0524883cb18d8c3691fde"
  resolved "file:../../libs/mediabunny-local.tgz#4c33690342703b2af0c0524883cb18d8c3691fde"
  dependencies:
    "@types/dom-mediacapture-transform" "^0.1.11"
    "@types/dom-webcodecs" "0.1.13"

mpegts.js@^1.8.0:
  version "1.8.0"
  resolved "https://registry.yarnpkg.com/mpegts.js/-/mpegts.js-1.8.0.tgz#b944751df0e811be880c0d1e32dcd721f5ff9550"
  integrity sha512-ZtujqtmTjWgcDDkoOnLvrOKUTO/MKgLHM432zGDI8oPaJ0S+ebPxg1nEpDpLw6I7KmV/GZgUIrfbWi3qqEircg==
  dependencies:
    es6-promise "^4.2.5"
    webworkify-webpack xqq/webworkify-webpack

path-browserify@^1.0.1:
  version "1.0.1"
  resolved "https://registry.yarnpkg.com/path-browserify/-/path-browserify-1.0.1.tgz#d98454a9c3753d5790860f16f68867b9e46be1fd"
  integrity sha512-b7uo2UCUOYZcnF/3ID0lulOJi/bafxa1xPe7ZPsammBSpjSWQkjNxlt635YGS2MiR9GjvuXCtz2emr3jbsz98g==

"playsvideo@file:../../libs/playsvideo-0.4.7-f2.15.tgz":
  version "0.4.7-f2.15"
  uid b06b306c367425361d6810e8b6b80f4fe3c2a09b
  resolved "file:../../libs/playsvideo-0.4.7-f2.15.tgz#b06b306c367425361d6810e8b6b80f4fe3c2a09b"
  dependencies:
    hls.js "^1.5.0"
    mediabunny "file:../../../../../.cache/yarn/v6/.tmp/8213c0e6eabe340f9a7a9e4434ecf3c2/vendor/mediabunny-1.38.1-f0.5.tgz"

sax@1.2.1:
  version "1.2.1"
  resolved "https://registry.yarnpkg.com/sax/-/sax-1.2.1.tgz#7b8e656190b228e81a66aea748480d828cd2d37a"
  integrity sha512-8I2a3LovHTOpm7NV5yOyO8IHqgVsfK4+UuySrXU8YXkSRX7k6hCV9b3HrkKCr3nMpgj+0bmocaJJWpvp1oc7ZA==

webworkify-webpack@xqq/webworkify-webpack:
  version "2.1.5"
  resolved "https://codeload.github.com/xqq/webworkify-webpack/tar.gz/24d1e719b4a6cac37a518b2bb10fe124527ef4ef"

ws@8.18.0:
  version "8.18.0"
  resolved "https://registry.yarnpkg.com/ws/-/ws-8.18.0.tgz#0d7505a6eafe2b0e712d232b42279f53bc289bbc"
  integrity sha512-8VbfWfHLbbwu3+N6OKsOMpBdT4kXPDDB9cJk2bJ6mh9ucxdlnNvH1e+roYkKmN9Nxw2yjz7VzeO9oOz2zJ04Pw==

ws@8.18.3:
  version "8.18.3"
  resolved "https://registry.yarnpkg.com/ws/-/ws-8.18.3.tgz#b56b88abffde62791c639170400c93dcb0c95472"
  integrity sha512-PEIGCY5tSlUt50cqyMXfCzX+oOPqN0vuGqWzbcJ2xvnkzkq46oOpz7dQaTDBdfICb4N14+GARUDw2XV2N4tvzg==

ws@8.20.1:
  version "8.20.1"
  resolved "https://registry.yarnpkg.com/ws/-/ws-8.20.1.tgz#91a9ae2b312ccf98e0a85ec499b48cef45ab0ddb"
  integrity sha512-It4dO0K5v//JtTXuPkfEOaI3uUN87iYPnqo/ZzqCoG3g8uhA66QUMs/SrM0YK7/NAu+r4LMh/9dq2A7k+rHs+w==
